
Microsoft Visual Studio Solution File, Format Version 12.00
# Visual Studio Version 16
VisualStudioVersion = 16.0.30204.135
MinimumVisualStudioVersion = 10.0.40219.1
Project("{FAE04EC0-301F-11D3-BF4B-00C04F79EFBC}") = "deberClasesAlejo", "deberClasesAlejo\deberClasesAlejo.csproj", "{129640A3-3268-4810-B4E9-BB54AF4281AF}"
EndProject
Global
	GlobalSection(SolutionConfigurationPlatforms) = preSolution
		Debug|Any CPU = Debug|Any CPU
		Release|Any CPU = Release|Any CPU
	EndGlobalSection
	GlobalSection(ProjectConfigurationPlatforms) = postSolution
		{129640A3-3268-4810-B4E9-BB54AF4281AF}.Debug|Any CPU.ActiveCfg = Debug|Any CPU
		{129640A3-3268-4810-B4E9-BB54AF4281AF}.Debug|Any CPU.Build.0 = Debug|Any CPU
		{129640A3-3268-4810-B4E9-BB54AF4281AF}.Release|Any CPU.ActiveCfg = Release|Any CPU
		{129640A3-3268-4810-B4E9-BB54AF4281AF}.Release|Any CPU.Build.0 = Release|Any CPU
	EndGlobalSection
	GlobalSection(SolutionProperties) = preSolution
		HideSolutionNode = FALSE
	EndGlobalSection
	GlobalSection(ExtensibilityGlobals) = postSolution
		SolutionGuid = {EED3881E-C528-4406-B24F-BEA09974EF69}
	EndGlobalSection
EndGlobal
